// !$*UTF8*$!
{
	archiveVersion = 1;
	classes = {
	};
	objectVersion = 52;
	objects = {

/* Begin PBXBuildFile section */
		59D4BD35254EFB4300B1B3AB /* AppDelegate.swift in Sources */ = {isa = PBXBuildFile; fileRef = 59D4BD34254EFB4300B1B3AB /* AppDelegate.swift */; };
		59D4BD37254EFB4300B1B3AB /* SceneDelegate.swift in Sources */ = {isa = PBXBuildFile; fileRef = 59D4BD36254EFB4300B1B3AB /* SceneDelegate.swift */; };
		59D4BD39254EFB4300B1B3AB /* PostViewController.swift in Sources */ = {isa = PBXBuildFile; fileRef = 59D4BD38254EFB4300B1B3AB /* PostViewController.swift */; };
		59D4BD3C254EFB4300B1B3AB /* Main.storyboard in Resources */ = {isa = PBXBuildFile; fileRef = 59D4BD3A254EFB4300B1B3AB /* Main.storyboard */; };
		59D4BD3E254EFB4400B1B3AB /* Assets.xcassets in Resources */ = {isa = PBXBuildFile; fileRef = 59D4BD3D254EFB4400B1B3AB /* Assets.xcassets */; };
		59D4BD41254EFB4400B1B3AB /* LaunchScreen.storyboard in Resources */ = {isa = PBXBuildFile; fileRef = 59D4BD3F254EFB4400B1B3AB /* LaunchScreen.storyboard */; };
		59D4BD4C254EFBFB00B1B3AB /* SDWebImage in Frameworks */ = {isa = PBXBuildFile; productRef = 59D4BD4B254EFBFB00B1B3AB /* SDWebImage */; };
		59D4BD54254EFDDA00B1B3AB /* RedditRepository.swift in Sources */ = {isa = PBXBuildFile; fileRef = 59D4BD53254EFDDA00B1B3AB /* RedditRepository.swift */; };
		59D4BD58254EFE4200B1B3AB /* HTTPRequester.swift in Sources */ = {isa = PBXBuildFile; fileRef = 59D4BD57254EFE4200B1B3AB /* HTTPRequester.swift */; };
		59D4BD5B254EFE6A00B1B3AB /* PersistenceManager.swift in Sources */ = {isa = PBXBuildFile; fileRef = 59D4BD5A254EFE6A00B1B3AB /* PersistenceManager.swift */; };
		59D4BD5E254EFEF500B1B3AB /* HTTPService.swift in Sources */ = {isa = PBXBuildFile; fileRef = 59D4BD5D254EFEF500B1B3AB /* HTTPService.swift */; };
		59D4BD63254F003B00B1B3AB /* UseCase.swift in Sources */ = {isa = PBXBuildFile; fileRef = 59D4BD62254F003B00B1B3AB /* UseCase.swift */; };
/* End PBXBuildFile section */

/* Begin PBXFileReference section */
		59D4BD31254EFB4300B1B3AB /* Halaida06.app */ = {isa = PBXFileReference; explicitFileType = wrapper.application; includeInIndex = 0; path = Halaida06.app; sourceTree = BUILT_PRODUCTS_DIR; };
		59D4BD34254EFB4300B1B3AB /* AppDelegate.swift */ = {isa = PBXFileReference; lastKnownFileType = sourcecode.swift; path = AppDelegate.swift; sourceTree = "<group>"; };
		59D4BD36254EFB4300B1B3AB /* SceneDelegate.swift */ = {isa = PBXFileReference; lastKnownFileType = sourcecode.swift; path = SceneDelegate.swift; sourceTree = "<group>"; };
		59D4BD38254EFB4300B1B3AB /* PostViewController.swift */ = {isa = PBXFileReference; lastKnownFileType = sourcecode.swift; path = PostViewController.swift; sourceTree = "<group>"; };
		59D4BD3B254EFB4300B1B3AB /* Base */ = {isa = PBXFileReference; lastKnownFileType = file.storyboard; name = Base; path = Base.lproj/Main.storyboard; sourceTree = "<group>"; };
		59D4BD3D254EFB4400B1B3AB /* Assets.xcassets */ = {isa = PBXFileReference; lastKnownFileType = folder.assetcatalog; path = Assets.xcassets; sourceTree = "<group>"; };
		59D4BD40254EFB4400B1B3AB /* Base */ = {isa = PBXFileReference; lastKnownFileType = file.storyboard; name = Base; path = Base.lproj/LaunchScreen.storyboard; sourceTree = "<group>"; };
		59D4BD42254EFB4400B1B3AB /* Info.plist */ = {isa = PBXFileReference; lastKnownFileType = text.plist.xml; path = Info.plist; sourceTree = "<group>"; };
		59D4BD53254EFDDA00B1B3AB /* RedditRepository.swift */ = {isa = PBXFileReference; lastKnownFileType = sourcecode.swift; path = RedditRepository.swift; sourceTree = "<group>"; };
		59D4BD57254EFE4200B1B3AB /* HTTPRequester.swift */ = {isa = PBXFileReference; lastKnownFileType = sourcecode.swift; path = HTTPRequester.swift; sourceTree = "<group>"; };
		59D4BD5A254EFE6A00B1B3AB /* PersistenceManager.swift */ = {isa = PBXFileReference; lastKnownFileType = sourcecode.swift; path = PersistenceManager.swift; sourceTree = "<group>"; };
		59D4BD5D254EFEF500B1B3AB /* HTTPService.swift */ = {isa = PBXFileReference; lastKnownFileType = sourcecode.swift; path = HTTPService.swift; sourceTree = "<group>"; };
		59D4BD62254F003B00B1B3AB /* UseCase.swift */ = {isa = PBXFileReference; lastKnownFileType = sourcecode.swift; path = UseCase.swift; sourceTree = "<group>"; };
/* End PBXFileReference section */

/* Begin PBXFrameworksBuildPhase section */
		59D4BD2E254EFB4300B1B3AB /* Frameworks */ = {
			isa = PBXFrameworksBuildPhase;
			buildActionMask = 2147483647;
			files = (
				59D4BD4C254EFBFB00B1B3AB /* SDWebImage in Frameworks */,
			);
			runOnlyForDeploymentPostprocessing = 0;
		};
/* End PBXFrameworksBuildPhase section */

/* Begin PBXGroup section */
		59D4BD28254EFB4300B1B3AB = {
			isa = PBXGroup;
			children = (
				59D4BD33254EFB4300B1B3AB /* Halaida06 */,
				59D4BD32254EFB4300B1B3AB /* Products */,
			);
			sourceTree = "<group>";
		};
		59D4BD32254EFB4300B1B3AB /* Products */ = {
			isa = PBXGroup;
			children = (
				59D4BD31254EFB4300B1B3AB /* Halaida06.app */,
			);
			name = Products;
			sourceTree = "<group>";
		};
		59D4BD33254EFB4300B1B3AB /* Halaida06 */ = {
			isa = PBXGroup;
			children = (
				59D4BD34254EFB4300B1B3AB /* AppDelegate.swift */,
				59D4BD51254EFD6600B1B3AB /* Presentation */,
				59D4BD50254EFD6100B1B3AB /* Domain */,
				59D4BD4F254EFD5500B1B3AB /* Data */,
				59D4BD3D254EFB4400B1B3AB /* Assets.xcassets */,
				59D4BD42254EFB4400B1B3AB /* Info.plist */,
			);
			path = Halaida06;
			sourceTree = "<group>";
		};
		59D4BD4F254EFD5500B1B3AB /* Data */ = {
			isa = PBXGroup;
			children = (
				59D4BD53254EFDDA00B1B3AB /* RedditRepository.swift */,
				59D4BD57254EFE4200B1B3AB /* HTTPRequester.swift */,
				59D4BD5A254EFE6A00B1B3AB /* PersistenceManager.swift */,
				59D4BD5D254EFEF500B1B3AB /* HTTPService.swift */,
			);
			path = Data;
			sourceTree = "<group>";
		};
		59D4BD50254EFD6100B1B3AB /* Domain */ = {
			isa = PBXGroup;
			children = (
				59D4BD62254F003B00B1B3AB /* UseCase.swift */,
			);
			path = Domain;
			sourceTree = "<group>";
		};
		59D4BD51254EFD6600B1B3AB /* Presentation */ = {
			isa = PBXGroup;
			children = (
				59D4BD36254EFB4300B1B3AB /* SceneDelegate.swift */,
				59D4BD38254EFB4300B1B3AB /* PostViewController.swift */,
				59D4BD3A254EFB4300B1B3AB /* Main.storyboard */,
				59D4BD3F254EFB4400B1B3AB /* LaunchScreen.storyboard */,
			);
			path = Presentation;
			sourceTree = "<group>";
		};
/* End PBXGroup section */

/* Begin PBXNativeTarget section */
		59D4BD30254EFB4300B1B3AB /* Halaida06 */ = {
			isa = PBXNativeTarget;
			buildConfigurationList = 59D4BD45254EFB4400B1B3AB /* Build configuration list for PBXNativeTarget "Halaida06" */;
			buildPhases = (
				59D4BD2D254EFB4300B1B3AB /* Sources */,
				59D4BD2E254EFB4300B1B3AB /* Frameworks */,
				59D4BD2F254EFB4300B1B3AB /* Resources */,
			);
			buildRules = (
			);
			dependencies = (
			);
			name = Halaida06;
			packageProductDependencies = (
				59D4BD4B254EFBFB00B1B3AB /* SDWebImage */,
			);
			productName = Halaida06;
			productReference = 59D4BD31254EFB4300B1B3AB /* Halaida06.app */;
			productType = "com.apple.product-type.application";
		};
/* End PBXNativeTarget section */

/* Begin PBXProject section */
		59D4BD29254EFB4300B1B3AB /* Project object */ = {
			isa = PBXProject;
			attributes = {
				LastSwiftUpdateCheck = 1200;
				LastUpgradeCheck = 1200;
				TargetAttributes = {
					59D4BD30254EFB4300B1B3AB = {
						CreatedOnToolsVersion = 12.0.1;
					};
				};
			};
			buildConfigurationList = 59D4BD2C254EFB4300B1B3AB /* Build configuration list for PBXProject "Halaida06" */;
			compatibilityVersion = "Xcode 9.3";
			developmentRegion = en;
			hasScannedForEncodings = 0;
			knownRegions = (
				en,
				Base,
			);
			mainGroup = 59D4BD28254EFB4300B1B3AB;
			packageReferences = (
				59D4BD4A254EFBFB00B1B3AB /* XCRemoteSwiftPackageReference "SDWebImage" */,
			);
			productRefGroup = 59D4BD32254EFB4300B1B3AB /* Products */;
			projectDirPath = "";
			projectRoot = "";
			targets = (
				59D4BD30254EFB4300B1B3AB /* Halaida06 */,
			);
		};
/* End PBXProject section */

/* Begin PBXResourcesBuildPhase section */
		59D4BD2F254EFB4300B1B3AB /* Resources */ = {
			isa = PBXResourcesBuildPhase;
			buildActionMask = 2147483647;
			files = (
				59D4BD41254EFB4400B1B3AB /* LaunchScreen.storyboard in Resources */,
				59D4BD3E254EFB4400B1B3AB /* Assets.xcassets in Resources */,
				59D4BD3C254EFB4300B1B3AB /* Main.storyboard in Resources */,
			);
			runOnlyForDeploymentPostprocessing = 0;
		};
/* End PBXResourcesBuildPhase section */

/* Begin PBXSourcesBuildPhase section */
		59D4BD2D254EFB4300B1B3AB /* Sources */ = {
			isa = PBXSourcesBuildPhase;
			buildActionMask = 2147483647;
			files = (
				59D4BD58254EFE4200B1B3AB /* HTTPRequester.swift in Sources */,
				59D4BD63254F003B00B1B3AB /* UseCase.swift in Sources */,
				59D4BD5E254EFEF500B1B3AB /* HTTPService.swift in Sources */,
				59D4BD39254EFB4300B1B3AB /* PostViewController.swift in Sources */,
				59D4BD35254EFB4300B1B3AB /* AppDelegate.swift in Sources */,
				59D4BD37254EFB4300B1B3AB /* SceneDelegate.swift in Sources */,
				59D4BD54254EFDDA00B1B3AB /* RedditRepository.swift in Sources */,
				59D4BD5B254EFE6A00B1B3AB /* PersistenceManager.swift in Sources */,
			);
			runOnlyForDeploymentPostprocessing = 0;
		};
/* End PBXSourcesBuildPhase section */

/* Begin PBXVariantGroup section */
		59D4BD3A254EFB4300B1B3AB /* Main.storyboard */ = {
			isa = PBXVariantGroup;
			children = (
				59D4BD3B254EFB4300B1B3AB /* Base */,
			);
			name = Main.storyboard;
			sourceTree = "<group>";
		};
		59D4BD3F254EFB4400B1B3AB /* LaunchScreen.storyboard */ = {
			isa = PBXVariantGroup;
			children = (
				59D4BD40254EFB4400B1B3AB /* Base */,
			);
			name = LaunchScreen.storyboard;
			sourceTree = "<group>";
		};
/* End PBXVariantGroup section */

/* Begin XCBuildConfiguration section */
		59D4BD43254EFB4400B1B3AB /* Debug */ = {
			isa = XCBuildConfiguration;
			buildSettings = {
				ALWAYS_SEARCH_USER_PATHS = NO;
				CLANG_ANALYZER_NONNULL = YES;
				CLANG_ANALYZER_NUMBER_OBJECT_CONVERSION = YES_AGGRESSIVE;
				CLANG_CXX_LANGUAGE_STANDARD = "gnu++14";
				CLANG_CXX_LIBRARY = "libc++";
				CLANG_ENABLE_MODULES = YES;
				CLANG_ENABLE_OBJC_ARC = YES;
				CLANG_ENABLE_OBJC_WEAK = YES;
				CLANG_WARN_BLOCK_CAPTURE_AUTORELEASING = YES;
				CLANG_WARN_BOOL_CONVERSION = YES;
				CLANG_WARN_COMMA = YES;
				CLANG_WARN_CONSTANT_CONVERSION = YES;
				CLANG_WARN_DEPRECATED_OBJC_IMPLEMENTATIONS = YES;
				CLANG_WARN_DIRECT_OBJC_ISA_USAGE = YES_ERROR;
				CLANG_WARN_DOCUMENTATION_COMMENTS = YES;
				CLANG_WARN_EMPTY_BODY = YES;
				CLANG_WARN_ENUM_CONVERSION = YES;
				CLANG_WARN_INFINITE_RECURSION = YES;
				CLANG_WARN_INT_CONVERSION = YES;
				CLANG_WARN_NON_LITERAL_NULL_CONVERSION = YES;
				CLANG_WARN_OBJC_IMPLICIT_RETAIN_SELF = YES;
				CLANG_WARN_OBJC_LITERAL_CONVERSION = YES;
				CLANG_WARN_OBJC_ROOT_CLASS = YES_ERROR;
				CLANG_WARN_QUOTED_INCLUDE_IN_FRAMEWORK_HEADER = YES;
				CLANG_WARN_RANGE_LOOP_ANALYSIS = YES;
				CLANG_WARN_STRICT_PROTOTYPES = YES;
				CLANG_WARN_SUSPICIOUS_MOVE = YES;
				CLANG_WARN_UNGUARDED_AVAILABILITY = YES_AGGRESSIVE;
				CLANG_WARN_UNREACHABLE_CODE = YES;
				CLANG_WARN__DUPLICATE_METHOD_MATCH = YES;
				COPY_PHASE_STRIP = NO;
				DEBUG_INFORMATION_FORMAT = dwarf;
				ENABLE_STRICT_OBJC_MSGSEND = YES;
				ENABLE_TESTABILITY = YES;
				GCC_C_LANGUAGE_STANDARD = gnu11;
				GCC_DYNAMIC_NO_PIC = NO;
				GCC_NO_COMMON_BLOCKS = YES;
				GCC_OPTIMIZATION_LEVEL = 0;
				GCC_PREPROCESSOR_DEFINITIONS = (
					"DEBUG=1",
					"$(inherited)",
				);
				GCC_WARN_64_TO_32_BIT_CONVERSION = YES;
				GCC_WARN_ABOUT_RETURN_TYPE = YES_ERROR;
				GCC_WARN_UNDECLARED_SELECTOR = YES;
				GCC_WARN_UNINITIALIZED_AUTOS = YES_AGGRESSIVE;
				GCC_WARN_UNUSED_FUNCTION = YES;
				GCC_WARN_UNUSED_VARIABLE = YES;
				IPHONEOS_DEPLOYMENT_TARGET = 14.0;
				MTL_ENABLE_DEBUG_INFO = INCLUDE_SOURCE;
				MTL_FAST_MATH = YES;
				ONLY_ACTIVE_ARCH = YES;
				SDKROOT = iphoneos;
				SWIFT_ACTIVE_COMPILATION_CONDITIONS = DEBUG;
				SWIFT_OPTIMIZATION_LEVEL = "-Onone";
			};
			name = Debug;
		};
		59D4BD44254EFB4400B1B3AB /* Release */ = {
			isa = XCBuildConfiguration;
			buildSettings = {
				ALWAYS_SEARCH_USER_PATHS = NO;
				CLANG_ANALYZER_NONNULL = YES;
				CLANG_ANALYZER_NUMBER_OBJECT_CONVERSION = YES_AGGRESSIVE;
				CLANG_CXX_LANGUAGE_STANDARD = "gnu++14";
				CLANG_CXX_LIBRARY = "libc++";
				CLANG_ENABLE_MODULES = YES;
				CLANG_ENABLE_OBJC_ARC = YES;
				CLANG_ENABLE_OBJC_WEAK = YES;
				CLANG_WARN_BLOCK_CAPTURE_AUTORELEASING = YES;
				CLANG_WARN_BOOL_CONVERSION = YES;
				CLANG_WARN_COMMA = YES;
				CLANG_WARN_CONSTANT_CONVERSION = YES;
				CLANG_WARN_DEPRECATED_OBJC_IMPLEMENTATIONS = YES;
				CLANG_WARN_DIRECT_OBJC_ISA_USAGE = YES_ERROR;
				CLANG_WARN_DOCUMENTATION_COMMENTS = YES;
				CLANG_WARN_EMPTY_BODY = YES;
				CLANG_WARN_ENUM_CONVERSION = YES;
				CLANG_WARN_INFINITE_RECURSION = YES;
				CLANG_WARN_INT_CONVERSION = YES;
				CLANG_WARN_NON_LITERAL_NULL_CONVERSION = YES;
				CLANG_WARN_OBJC_IMPLICIT_RETAIN_SELF = YES;
				CLANG_WARN_OBJC_LITERAL_CONVERSION = YES;
				CLANG_WARN_OBJC_ROOT_CLASS = YES_ERROR;
				CLANG_WARN_QUOTED_INCLUDE_IN_FRAMEWORK_HEADER = YES;
				CLANG_WARN_RANGE_LOOP_ANALYSIS = YES;
				CLANG_WARN_STRICT_PROTOTYPES = YES;
				CLANG_WARN_SUSPICIOUS_MOVE = YES;
				CLANG_WARN_UNGUARDED_AVAILABILITY = YES_AGGRESSIVE;
				CLANG_WARN_UNREACHABLE_CODE = YES;
				CLANG_WARN__DUPLICATE_METHOD_MATCH = YES;
				COPY_PHASE_STRIP = NO;
				DEBUG_INFORMATION_FORMAT = "dwarf-with-dsym";
				ENABLE_NS_ASSERTIONS = NO;
				ENABLE_STRICT_OBJC_MSGSEND = YES;
				GCC_C_LANGUAGE_STANDARD = gnu11;
				GCC_NO_COMMON_BLOCKS = YES;
				GCC_WARN_64_TO_32_BIT_CONVERSION = YES;
				GCC_WARN_ABOUT_RETURN_TYPE = YES_ERROR;
				GCC_WARN_UNDECLARED_SELECTOR = YES;
				GCC_WARN_UNINITIALIZED_AUTOS = YES_AGGRESSIVE;
				GCC_WARN_UNUSED_FUNCTION = YES;
				GCC_WARN_UNUSED_VARIABLE = YES;
				IPHONEOS_DEPLOYMENT_TARGET = 14.0;
				MTL_ENABLE_DEBUG_INFO = NO;
				MTL_FAST_MATH = YES;
				SDKROOT = iphoneos;
				SWIFT_COMPILATION_MODE = wholemodule;
				SWIFT_OPTIMIZATION_LEVEL = "-O";
				VALIDATE_PRODUCT = YES;
			};
			name = Release;
		};
		59D4BD46254EFB4400B1B3AB /* Debug */ = {
			isa = XCBuildConfiguration;
			buildSettings = {
				ASSETCATALOG_COMPILER_APPICON_NAME = AppIcon;
				ASSETCATALOG_COMPILER_GLOBAL_ACCENT_COLOR_NAME = AccentColor;
				CODE_SIGN_STYLE = Automatic;
				DEVELOPMENT_TEAM = HZL87YRDVJ;
				INFOPLIST_FILE = Halaida06/Info.plist;
				LD_RUNPATH_SEARCH_PATHS = (
					"$(inherited)",
					"@executable_path/Frameworks",
				);
				PRODUCT_BUNDLE_IDENTIFIER = com.mhalaida.Halaida06;
				PRODUCT_NAME = "$(TARGET_NAME)";
				SWIFT_VERSION = 5.0;
				TARGETED_DEVICE_FAMILY = 1;
			};
			name = Debug;
		};
		59D4BD47254EFB4400B1B3AB /* Release */ = {
			isa = XCBuildConfiguration;
			buildSettings = {
				ASSETCATALOG_COMPILER_APPICON_NAME = AppIcon;
				ASSETCATALOG_COMPILER_GLOBAL_ACCENT_COLOR_NAME = AccentColor;
				CODE_SIGN_STYLE = Automatic;
				DEVELOPMENT_TEAM = HZL87YRDVJ;
				INFOPLIST_FILE = Halaida06/Info.plist;
				LD_RUNPATH_SEARCH_PATHS = (
					"$(inherited)",
					"@executable_path/Frameworks",
				);
				PRODUCT_BUNDLE_IDENTIFIER = com.mhalaida.Halaida06;
				PRODUCT_NAME = "$(TARGET_NAME)";
				SWIFT_VERSION = 5.0;
				TARGETED_DEVICE_FAMILY = 1;
			};
			name = Release;
		};
/* End XCBuildConfiguration section */

/* Begin XCConfigurationList section */
		59D4BD2C254EFB4300B1B3AB /* Build configuration list for PBXProject "Halaida06" */ = {
			isa = XCConfigurationList;
			buildConfigurations = (
				59D4BD43254EFB4400B1B3AB /* Debug */,
				59D4BD44254EFB4400B1B3AB /* Release */,
			);
			defaultConfigurationIsVisible = 0;
			defaultConfigurationName = Release;
		};
		59D4BD45254EFB4400B1B3AB /* Build configuration list for PBXNativeTarget "Halaida06" */ = {
			isa = XCConfigurationList;
			buildConfigurations = (
				59D4BD46254EFB4400B1B3AB /* Debug */,
				59D4BD47254EFB4400B1B3AB /* Release */,
			);
			defaultConfigurationIsVisible = 0;
			defaultConfigurationName = Release;
		};
/* End XCConfigurationList section */

/* Begin XCRemoteSwiftPackageReference section */
		59D4BD4A254EFBFB00B1B3AB /* XCRemoteSwiftPackageReference "SDWebImage" */ = {
			isa = XCRemoteSwiftPackageReference;
			repositoryURL = "https://github.com/SDWebImage/SDWebImage";
			requirement = {
				kind = upToNextMajorVersion;
				minimumVersion = 5.9.4;
			};
		};
/* End XCRemoteSwiftPackageReference section */

/* Begin XCSwiftPackageProductDependency section */
		59D4BD4B254EFBFB00B1B3AB /* SDWebImage */ = {
			isa = XCSwiftPackageProductDependency;
			package = 59D4BD4A254EFBFB00B1B3AB /* XCRemoteSwiftPackageReference "SDWebImage" */;
			productName = SDWebImage;
		};
/* End XCSwiftPackageProductDependency section */
	};
	rootObject = 59D4BD29254EFB4300B1B3AB /* Project object */;
}
